
Microsoft Visual Studio Solution File, Format Version 12.00
# Visual Studio Version 16
VisualStudioVersion = 16.0.29728.190
MinimumVisualStudioVersion = 10.0.40219.1
Project("{9A19103F-16F7-4668-BE54-9A1E7A4F7556}") = "PracticalCSharp", "PracticalCSharp.csproj", "{3A8ACC80-83DA-4434-897A-7724CE6D2552}"
EndProject
Global
	GlobalSection(SolutionConfigurationPlatforms) = preSolution
		Debug|Any CPU = Debug|Any CPU
		Release|Any CPU = Release|Any CPU
	EndGlobalSection
	GlobalSection(ProjectConfigurationPlatforms) = postSolution
		{3A8ACC80-83DA-4434-897A-7724CE6D2552}.Debug|Any CPU.ActiveCfg = Debug|Any CPU
		{3A8ACC80-83DA-4434-897A-7724CE6D2552}.Debug|Any CPU.Build.0 = Debug|Any CPU
		{3A8ACC80-83DA-4434-897A-7724CE6D2552}.Release|Any CPU.ActiveCfg = Release|Any CPU
		{3A8ACC80-83DA-4434-897A-7724CE6D2552}.Release|Any CPU.Build.0 = Release|Any CPU
	EndGlobalSection
	GlobalSection(SolutionProperties) = preSolution
		HideSolutionNode = FALSE
	EndGlobalSection
	GlobalSection(ExtensibilityGlobals) = postSolution
		SolutionGuid = {ABCA118F-C401-4E25-94AC-99435B66035C}
	EndGlobalSection
EndGlobal
